
Microsoft Visual Studio Solution File, Format Version 12.00
# Visual Studio Version 17
VisualStudioVersion = 17.0.31903.59
MinimumVisualStudioVersion = 10.0.40219.1
Project("{FAE04EC0-301F-11D3-BF4B-00C04F79EFBC}") = "ApiGateway", "ApiGateway\ApiGateway.csproj", "{679C5CB2-4380-4C9B-A36F-1834CA0908A5}"
EndProject
Project("{FAE04EC0-301F-11D3-BF4B-00C04F79EFBC}") = "ProductService", "ProductService\ProductService.csproj", "{3FF0D3D8-AAFF-45DD-844F-004ED9DFF3F1}"
EndProject
Project("{FAE04EC0-301F-11D3-BF4B-00C04F79EFBC}") = "UserService", "UserService\UserService.csproj", "{0C435570-BC58-48DA-B654-87DAE326242B}"
EndProject
Global
	GlobalSection(SolutionConfigurationPlatforms) = preSolution
		Debug|Any CPU = Debug|Any CPU
		Debug|x64 = Debug|x64
		Debug|x86 = Debug|x86
		Release|Any CPU = Release|Any CPU
		Release|x64 = Release|x64
		Release|x86 = Release|x86
	EndGlobalSection
	GlobalSection(ProjectConfigurationPlatforms) = postSolution
		{679C5CB2-4380-4C9B-A36F-1834CA0908A5}.Debug|Any CPU.ActiveCfg = Debug|Any CPU
		{679C5CB2-4380-4C9B-A36F-1834CA0908A5}.Debug|Any CPU.Build.0 = Debug|Any CPU
		{679C5CB2-4380-4C9B-A36F-1834CA0908A5}.Debug|x64.ActiveCfg = Debug|Any CPU
		{679C5CB2-4380-4C9B-A36F-1834CA0908A5}.Debug|x64.Build.0 = Debug|Any CPU
		{679C5CB2-4380-4C9B-A36F-1834CA0908A5}.Debug|x86.ActiveCfg = Debug|Any CPU
		{679C5CB2-4380-4C9B-A36F-1834CA0908A5}.Debug|x86.Build.0 = Debug|Any CPU
		{679C5CB2-4380-4C9B-A36F-1834CA0908A5}.Release|Any CPU.ActiveCfg = Release|Any CPU
		{679C5CB2-4380-4C9B-A36F-1834CA0908A5}.Release|Any CPU.Build.0 = Release|Any CPU
		{679C5CB2-4380-4C9B-A36F-1834CA0908A5}.Release|x64.ActiveCfg = Release|Any CPU
		{679C5CB2-4380-4C9B-A36F-1834CA0908A5}.Release|x64.Build.0 = Release|Any CPU
		{679C5CB2-4380-4C9B-A36F-1834CA0908A5}.Release|x86.ActiveCfg = Release|Any CPU
		{679C5CB2-4380-4C9B-A36F-1834CA0908A5}.Release|x86.Build.0 = Release|Any CPU
		{3FF0D3D8-AAFF-45DD-844F-004ED9DFF3F1}.Debug|Any CPU.ActiveCfg = Debug|Any CPU
		{3FF0D3D8-AAFF-45DD-844F-004ED9DFF3F1}.Debug|Any CPU.Build.0 = Debug|Any CPU
		{3FF0D3D8-AAFF-45DD-844F-004ED9DFF3F1}.Debug|x64.ActiveCfg = Debug|Any CPU
		{3FF0D3D8-AAFF-45DD-844F-004ED9DFF3F1}.Debug|x64.Build.0 = Debug|Any CPU
		{3FF0D3D8-AAFF-45DD-844F-004ED9DFF3F1}.Debug|x86.ActiveCfg = Debug|Any CPU
		{3FF0D3D8-AAFF-45DD-844F-004ED9DFF3F1}.Debug|x86.Build.0 = Debug|Any CPU
		{3FF0D3D8-AAFF-45DD-844F-004ED9DFF3F1}.Release|Any CPU.ActiveCfg = Release|Any CPU
		{3FF0D3D8-AAFF-45DD-844F-004ED9DFF3F1}.Release|Any CPU.Build.0 = Release|Any CPU
		{3FF0D3D8-AAFF-45DD-844F-004ED9DFF3F1}.Release|x64.ActiveCfg = Release|Any CPU
		{3FF0D3D8-AAFF-45DD-844F-004ED9DFF3F1}.Release|x64.Build.0 = Release|Any CPU
		{3FF0D3D8-AAFF-45DD-844F-004ED9DFF3F1}.Release|x86.ActiveCfg = Release|Any CPU
		{3FF0D3D8-AAFF-45DD-844F-004ED9DFF3F1}.Release|x86.Build.0 = Release|Any CPU
		{0C435570-BC58-48DA-B654-87DAE326242B}.Debug|Any CPU.ActiveCfg = Debug|Any CPU
		{0C435570-BC58-48DA-B654-87DAE326242B}.Debug|Any CPU.Build.0 = Debug|Any CPU
		{0C435570-BC58-48DA-B654-87DAE326242B}.Debug|x64.ActiveCfg = Debug|Any CPU
		{0C435570-BC58-48DA-B654-87DAE326242B}.Debug|x64.Build.0 = Debug|Any CPU
		{0C435570-BC58-48DA-B654-87DAE326242B}.Debug|x86.ActiveCfg = Debug|Any CPU
		{0C435570-BC58-48DA-B654-87DAE326242B}.Debug|x86.Build.0 = Debug|Any CPU
		{0C435570-BC58-48DA-B654-87DAE326242B}.Release|Any CPU.ActiveCfg = Release|Any CPU
		{0C435570-BC58-48DA-B654-87DAE326242B}.Release|Any CPU.Build.0 = Release|Any CPU
		{0C435570-BC58-48DA-B654-87DAE326242B}.Release|x64.ActiveCfg = Release|Any CPU
		{0C435570-BC58-48DA-B654-87DAE326242B}.Release|x64.Build.0 = Release|Any CPU
		{0C435570-BC58-48DA-B654-87DAE326242B}.Release|x86.ActiveCfg = Release|Any CPU
		{0C435570-BC58-48DA-B654-87DAE326242B}.Release|x86.Build.0 = Release|Any CPU
	EndGlobalSection
	GlobalSection(SolutionProperties) = preSolution
		HideSolutionNode = FALSE
	EndGlobalSection
EndGlobal
